// !$*UTF8*$!
{
	archiveVersion = 1;
	classes = {
	};
	objectVersion = 46;
	objects = {

/* Begin PBXBuildFile section */
		38DB4F5D1A31565900E77834 /* main.m in Sources */ = {isa = PBXBuildFile; fileRef = 38DB4F5C1A31565900E77834 /* main.m */; };
		38DB4F601A31565900E77834 /* AppDelegate.m in Sources */ = {isa = PBXBuildFile; fileRef = 38DB4F5F1A31565900E77834 /* AppDelegate.m */; };
		38DB4F631A31565900E77834 /* ControllingSource.xcdatamodeld in Sources */ = {isa = PBXBuildFile; fileRef = 38DB4F611A31565900E77834 /* ControllingSource.xcdatamodeld */; };
		38DB4F661A31565900E77834 /* MasterViewController.m in Sources */ = {isa = PBXBuildFile; fileRef = 38DB4F651A31565900E77834 /* MasterViewController.m */; };
		38DB4F691A31565900E77834 /* DetailViewController.m in Sources */ = {isa = PBXBuildFile; fileRef = 38DB4F681A31565900E77834 /* DetailViewController.m */; };
		38DB4F6C1A31565900E77834 /* Main.storyboard in Resources */ = {isa = PBXBuildFile; fileRef = 38DB4F6A1A31565900E77834 /* Main.storyboard */; };
		38DB4F6E1A31565900E77834 /* Images.xcassets in Resources */ = {isa = PBXBuildFile; fileRef = 38DB4F6D1A31565900E77834 /* Images.xcassets */; };
		38DB4F711A31565900E77834 /* LaunchScreen.xib in Resources */ = {isa = PBXBuildFile; fileRef = 38DB4F6F1A31565900E77834 /* LaunchScreen.xib */; };
		38DB4F7D1A31565900E77834 /* ControllingSourceTests.m in Sources */ = {isa = PBXBuildFile; fileRef = 38DB4F7C1A31565900E77834 /* ControllingSourceTests.m */; };
/* End PBXBuildFile section */

/* Begin PBXContainerItemProxy section */
		38DB4F771A31565900E77834 /* PBXContainerItemProxy */ = {
			isa = PBXContainerItemProxy;
			containerPortal = 38DB4F4F1A31565900E77834 /* Project object */;
			proxyType = 1;
			remoteGlobalIDString = 38DB4F561A31565900E77834;
			remoteInfo = ControllingSource;
		};
/* End PBXContainerItemProxy section */

/* Begin PBXFileReference section */
		38DB4F571A31565900E77834 /* ControllingSource.app */ = {isa = PBXFileReference; explicitFileType = wrapper.application; includeInIndex = 0; path = ControllingSource.app; sourceTree = BUILT_PRODUCTS_DIR; };
		38DB4F5B1A31565900E77834 /* Info.plist */ = {isa = PBXFileReference; lastKnownFileType = text.plist.xml; path = Info.plist; sourceTree = "<group>"; };
		38DB4F5C1A31565900E77834 /* main.m */ = {isa = PBXFileReference; lastKnownFileType = sourcecode.c.objc; path = main.m; sourceTree = "<group>"; };
		38DB4F5E1A31565900E77834 /* AppDelegate.h */ = {isa = PBXFileReference; lastKnownFileType = sourcecode.c.h; path = AppDelegate.h; sourceTree = "<group>"; };
		38DB4F5F1A31565900E77834 /* AppDelegate.m */ = {isa = PBXFileReference; lastKnownFileType = sourcecode.c.objc; path = AppDelegate.m; sourceTree = "<group>"; };
		38DB4F621A31565900E77834 /* ControllingSource.xcdatamodel */ = {isa = PBXFileReference; lastKnownFileType = wrapper.xcdatamodel; path = ControllingSource.xcdatamodel; sourceTree = "<group>"; };
		38DB4F641A31565900E77834 /* MasterViewController.h */ = {isa = PBXFileReference; lastKnownFileType = sourcecode.c.h; path = MasterViewController.h; sourceTree = "<group>"; };
		38DB4F651A31565900E77834 /* MasterViewController.m */ = {isa = PBXFileReference; lastKnownFileType = sourcecode.c.objc; path = MasterViewController.m; sourceTree = "<group>"; };
		38DB4F671A31565900E77834 /* DetailViewController.h */ = {isa = PBXFileReference; lastKnownFileType = sourcecode.c.h; path = DetailViewController.h; sourceTree = "<group>"; };
		38DB4F681A31565900E77834 /* DetailViewController.m */ = {isa = PBXFileReference; lastKnownFileType = sourcecode.c.objc; path = DetailViewController.m; sourceTree = "<group>"; };
		38DB4F6B1A31565900E77834 /* Base */ = {isa = PBXFileReference; lastKnownFileType = file.storyboard; name = Base; path = Base.lproj/Main.storyboard; sourceTree = "<group>"; };
		38DB4F6D1A31565900E77834 /* Images.xcassets */ = {isa = PBXFileReference; lastKnownFileType = folder.assetcatalog; path = Images.xcassets; sourceTree = "<group>"; };
		38DB4F701A31565900E77834 /* Base */ = {isa = PBXFileReference; lastKnownFileType = file.xib; name = Base; path = Base.lproj/LaunchScreen.xib; sourceTree = "<group>"; };
		38DB4F761A31565900E77834 /* ControllingSourceTests.xctest */ = {isa = PBXFileReference; explicitFileType = wrapper.cfbundle; includeInIndex = 0; path = ControllingSourceTests.xctest; sourceTree = BUILT_PRODUCTS_DIR; };
		38DB4F7B1A31565900E77834 /* Info.plist */ = {isa = PBXFileReference; lastKnownFileType = text.plist.xml; path = Info.plist; sourceTree = "<group>"; };
		38DB4F7C1A31565900E77834 /* ControllingSourceTests.m */ = {isa = PBXFileReference; lastKnownFileType = sourcecode.c.objc; path = ControllingSourceTests.m; sourceTree = "<group>"; };
/* End PBXFileReference section */

/* Begin PBXFrameworksBuildPhase section */
		38DB4F541A31565900E77834 /* Frameworks */ = {
			isa = PBXFrameworksBuildPhase;
			buildActionMask = 2147483647;
			files = (
			);
			runOnlyForDeploymentPostprocessing = 0;
		};
		38DB4F731A31565900E77834 /* Frameworks */ = {
			isa = PBXFrameworksBuildPhase;
			buildActionMask = 2147483647;
			files = (
			);
			runOnlyForDeploymentPostprocessing = 0;
		};
/* End PBXFrameworksBuildPhase section */

/* Begin PBXGroup section */
		38DB4F4E1A31565900E77834 = {
			isa = PBXGroup;
			children = (
				38DB4F591A31565900E77834 /* ControllingSource */,
				38DB4F791A31565900E77834 /* ControllingSourceTests */,
				38DB4F581A31565900E77834 /* Products */,
			);
			sourceTree = "<group>";
		};
		38DB4F581A31565900E77834 /* Products */ = {
			isa = PBXGroup;
			children = (
				38DB4F571A31565900E77834 /* ControllingSource.app */,
				38DB4F761A31565900E77834 /* ControllingSourceTests.xctest */,
			);
			name = Products;
			sourceTree = "<group>";
		};
		38DB4F591A31565900E77834 /* ControllingSource */ = {
			isa = PBXGroup;
			children = (
				38DB4F5E1A31565900E77834 /* AppDelegate.h */,
				38DB4F5F1A31565900E77834 /* AppDelegate.m */,
				38DB4F641A31565900E77834 /* MasterViewController.h */,
				38DB4F651A31565900E77834 /* MasterViewController.m */,
				38DB4F671A31565900E77834 /* DetailViewController.h */,
				38DB4F681A31565900E77834 /* DetailViewController.m */,
				38DB4F6A1A31565900E77834 /* Main.storyboard */,
				38DB4F6D1A31565900E77834 /* Images.xcassets */,
				38DB4F6F1A31565900E77834 /* LaunchScreen.xib */,
				38DB4F611A31565900E77834 /* ControllingSource.xcdatamodeld */,
				38DB4F5A1A31565900E77834 /* Supporting Files */,
			);
			path = ControllingSource;
			sourceTree = "<group>";
		};
		38DB4F5A1A31565900E77834 /* Supporting Files */ = {
			isa = PBXGroup;
			children = (
				38DB4F5B1A31565900E77834 /* Info.plist */,
				38DB4F5C1A31565900E77834 /* main.m */,
			);
			name = "Supporting Files";
			sourceTree = "<group>";
		};
		38DB4F791A31565900E77834 /* ControllingSourceTests */ = {
			isa = PBXGroup;
			children = (
				38DB4F7C1A31565900E77834 /* ControllingSourceTests.m */,
				38DB4F7A1A31565900E77834 /* Supporting Files */,
			);
			path = ControllingSourceTests;
			sourceTree = "<group>";
		};
		38DB4F7A1A31565900E77834 /* Supporting Files */ = {
			isa = PBXGroup;
			children = (
				38DB4F7B1A31565900E77834 /* Info.plist */,
			);
			name = "Supporting Files";
			sourceTree = "<group>";
		};
/* End PBXGroup section */

/* Begin PBXNativeTarget section */
		38DB4F561A31565900E77834 /* ControllingSource */ = {
			isa = PBXNativeTarget;
			buildConfigurationList = 38DB4F801A31565900E77834 /* Build configuration list for PBXNativeTarget "ControllingSource" */;
			buildPhases = (
				38DB4F531A31565900E77834 /* Sources */,
				38DB4F541A31565900E77834 /* Frameworks */,
				38DB4F551A31565900E77834 /* Resources */,
			);
			buildRules = (
			);
			dependencies = (
			);
			name = ControllingSource;
			productName = ControllingSource;
			productReference = 38DB4F571A31565900E77834 /* ControllingSource.app */;
			productType = "com.apple.product-type.application";
		};
		38DB4F751A31565900E77834 /* ControllingSourceTests */ = {
			isa = PBXNativeTarget;
			buildConfigurationList = 38DB4F831A31565900E77834 /* Build configuration list for PBXNativeTarget "ControllingSourceTests" */;
			buildPhases = (
				38DB4F721A31565900E77834 /* Sources */,
				38DB4F731A31565900E77834 /* Frameworks */,
				38DB4F741A31565900E77834 /* Resources */,
			);
			buildRules = (
			);
			dependencies = (
				38DB4F781A31565900E77834 /* PBXTargetDependency */,
			);
			name = ControllingSourceTests;
			productName = ControllingSourceTests;
			productReference = 38DB4F761A31565900E77834 /* ControllingSourceTests.xctest */;
			productType = "com.apple.product-type.bundle.unit-test";
		};
/* End PBXNativeTarget section */

/* Begin PBXProject section */
		38DB4F4F1A31565900E77834 /* Project object */ = {
			isa = PBXProject;
			attributes = {
				LastUpgradeCheck = 0610;
				ORGANIZATIONNAME = qz;
				TargetAttributes = {
					38DB4F561A31565900E77834 = {
						CreatedOnToolsVersion = 6.1.1;
					};
					38DB4F751A31565900E77834 = {
						CreatedOnToolsVersion = 6.1.1;
						TestTargetID = 38DB4F561A31565900E77834;
					};
				};
			};
			buildConfigurationList = 38DB4F521A31565900E77834 /* Build configuration list for PBXProject "ControllingSource" */;
			compatibilityVersion = "Xcode 3.2";
			developmentRegion = English;
			hasScannedForEncodings = 0;
			knownRegions = (
				en,
				Base,
			);
			mainGroup = 38DB4F4E1A31565900E77834;
			productRefGroup = 38DB4F581A31565900E77834 /* Products */;
			projectDirPath = "";
			projectRoot = "";
			targets = (
				38DB4F561A31565900E77834 /* ControllingSource */,
				38DB4F751A31565900E77834 /* ControllingSourceTests */,
			);
		};
/* End PBXProject section */

/* Begin PBXResourcesBuildPhase section */
		38DB4F551A31565900E77834 /* Resources */ = {
			isa = PBXResourcesBuildPhase;
			buildActionMask = 2147483647;
			files = (
				38DB4F6C1A31565900E77834 /* Main.storyboard in Resources */,
				38DB4F711A31565900E77834 /* LaunchScreen.xib in Resources */,
				38DB4F6E1A31565900E77834 /* Images.xcassets in Resources */,
			);
			runOnlyForDeploymentPostprocessing = 0;
		};
		38DB4F741A31565900E77834 /* Resources */ = {
			isa = PBXResourcesBuildPhase;
			buildActionMask = 2147483647;
			files = (
			);
			runOnlyForDeploymentPostprocessing = 0;
		};
/* End PBXResourcesBuildPhase section */

/* Begin PBXSourcesBuildPhase section */
		38DB4F531A31565900E77834 /* Sources */ = {
			isa = PBXSourcesBuildPhase;
			buildActionMask = 2147483647;
			files = (
				38DB4F691A31565900E77834 /* DetailViewController.m in Sources */,
				38DB4F661A31565900E77834 /* MasterViewController.m in Sources */,
				38DB4F631A31565900E77834 /* ControllingSource.xcdatamodeld in Sources */,
				38DB4F601A31565900E77834 /* AppDelegate.m in Sources */,
				38DB4F5D1A31565900E77834 /* main.m in Sources */,
			);
			runOnlyForDeploymentPostprocessing = 0;
		};
		38DB4F721A31565900E77834 /* Sources */ = {
			isa = PBXSourcesBuildPhase;
			buildActionMask = 2147483647;
			files = (
				38DB4F7D1A31565900E77834 /* ControllingSourceTests.m in Sources */,
			);
			runOnlyForDeploymentPostprocessing = 0;
		};
/* End PBXSourcesBuildPhase section */

/* Begin PBXTargetDependency section */
		38DB4F781A31565900E77834 /* PBXTargetDependency */ = {
			isa = PBXTargetDependency;
			target = 38DB4F561A31565900E77834 /* ControllingSource */;
			targetProxy = 38DB4F771A31565900E77834 /* PBXContainerItemProxy */;
		};
/* End PBXTargetDependency section */

/* Begin PBXVariantGroup section */
		38DB4F6A1A31565900E77834 /* Main.storyboard */ = {
			isa = PBXVariantGroup;
			children = (
				38DB4F6B1A31565900E77834 /* Base */,
			);
			name = Main.storyboard;
			sourceTree = "<group>";
		};
		38DB4F6F1A31565900E77834 /* LaunchScreen.xib */ = {
			isa = PBXVariantGroup;
			children = (
				38DB4F701A31565900E77834 /* Base */,
			);
			name = LaunchScreen.xib;
			sourceTree = "<group>";
		};
/* End PBXVariantGroup section */

/* Begin XCBuildConfiguration section */
		38DB4F7E1A31565900E77834 /* Debug */ = {
			isa = XCBuildConfiguration;
			buildSettings = {
				ALWAYS_SEARCH_USER_PATHS = NO;
				CLANG_CXX_LANGUAGE_STANDARD = "gnu++0x";
				CLANG_CXX_LIBRARY = "libc++";
				CLANG_ENABLE_MODULES = YES;
				CLANG_ENABLE_OBJC_ARC = YES;
				CLANG_WARN_BOOL_CONVERSION = YES;
				CLANG_WARN_CONSTANT_CONVERSION = YES;
				CLANG_WARN_DIRECT_OBJC_ISA_USAGE = YES_ERROR;
				CLANG_WARN_EMPTY_BODY = YES;
				CLANG_WARN_ENUM_CONVERSION = YES;
				CLANG_WARN_INT_CONVERSION = YES;
				CLANG_WARN_OBJC_ROOT_CLASS = YES_ERROR;
				CLANG_WARN_UNREACHABLE_CODE = YES;
				CLANG_WARN__DUPLICATE_METHOD_MATCH = YES;
				"CODE_SIGN_IDENTITY[sdk=iphoneos*]" = "iPhone Developer";
				COPY_PHASE_STRIP = NO;
				ENABLE_STRICT_OBJC_MSGSEND = YES;
				GCC_C_LANGUAGE_STANDARD = gnu99;
				GCC_DYNAMIC_NO_PIC = NO;
				GCC_OPTIMIZATION_LEVEL = 0;
				GCC_PREPROCESSOR_DEFINITIONS = (
					"DEBUG=1",
					"$(inherited)",
				);
				GCC_SYMBOLS_PRIVATE_EXTERN = NO;
				GCC_WARN_64_TO_32_BIT_CONVERSION = YES;
				GCC_WARN_ABOUT_RETURN_TYPE = YES_ERROR;
				GCC_WARN_UNDECLARED_SELECTOR = YES;
				GCC_WARN_UNINITIALIZED_AUTOS = YES_AGGRESSIVE;
				GCC_WARN_UNUSED_FUNCTION = YES;
				GCC_WARN_UNUSED_VARIABLE = YES;
				IPHONEOS_DEPLOYMENT_TARGET = 8.1;
				MTL_ENABLE_DEBUG_INFO = YES;
				ONLY_ACTIVE_ARCH = YES;
				SDKROOT = iphoneos;
			};
			name = Debug;
		};
		38DB4F7F1A31565900E77834 /* Release */ = {
			isa = XCBuildConfiguration;
			buildSettings = {
				ALWAYS_SEARCH_USER_PATHS = NO;
				CLANG_CXX_LANGUAGE_STANDARD = "gnu++0x";
				CLANG_CXX_LIBRARY = "libc++";
				CLANG_ENABLE_MODULES = YES;
				CLANG_ENABLE_OBJC_ARC = YES;
				CLANG_WARN_BOOL_CONVERSION = YES;
				CLANG_WARN_CONSTANT_CONVERSION = YES;
				CLANG_WARN_DIRECT_OBJC_ISA_USAGE = YES_ERROR;
				CLANG_WARN_EMPTY_BODY = YES;
				CLANG_WARN_ENUM_CONVERSION = YES;
				CLANG_WARN_INT_CONVERSION = YES;
				CLANG_WARN_OBJC_ROOT_CLASS = YES_ERROR;
				CLANG_WARN_UNREACHABLE_CODE = YES;
				CLANG_WARN__DUPLICATE_METHOD_MATCH = YES;
				"CODE_SIGN_IDENTITY[sdk=iphoneos*]" = "iPhone Developer";
				COPY_PHASE_STRIP = YES;
				ENABLE_NS_ASSERTIONS = NO;
				ENABLE_STRICT_OBJC_MSGSEND = YES;
				GCC_C_LANGUAGE_STANDARD = gnu99;
				GCC_WARN_64_TO_32_BIT_CONVERSION = YES;
				GCC_WARN_ABOUT_RETURN_TYPE = YES_ERROR;
				GCC_WARN_UNDECLARED_SELECTOR = YES;
				GCC_WARN_UNINITIALIZED_AUTOS = YES_AGGRESSIVE;
				GCC_WARN_UNUSED_FUNCTION = YES;
				GCC_WARN_UNUSED_VARIABLE = YES;
				IPHONEOS_DEPLOYMENT_TARGET = 8.1;
				MTL_ENABLE_DEBUG_INFO = NO;
				SDKROOT = iphoneos;
				VALIDATE_PRODUCT = YES;
			};
			name = Release;
		};
		38DB4F811A31565900E77834 /* Debug */ = {
			isa = XCBuildConfiguration;
			buildSettings = {
				ASSETCATALOG_COMPILER_APPICON_NAME = AppIcon;
				INFOPLIST_FILE = ControllingSource/Info.plist;
				LD_RUNPATH_SEARCH_PATHS = "$(inherited) @executable_path/Frameworks";
				PRODUCT_NAME = "$(TARGET_NAME)";
			};
			name = Debug;
		};
		38DB4F821A31565900E77834 /* Release */ = {
			isa = XCBuildConfiguration;
			buildSettings = {
				ASSETCATALOG_COMPILER_APPICON_NAME = AppIcon;
				INFOPLIST_FILE = ControllingSource/Info.plist;
				LD_RUNPATH_SEARCH_PATHS = "$(inherited) @executable_path/Frameworks";
				PRODUCT_NAME = "$(TARGET_NAME)";
			};
			name = Release;
		};
		38DB4F841A31565900E77834 /* Debug */ = {
			isa = XCBuildConfiguration;
			buildSettings = {
				BUNDLE_LOADER = "$(TEST_HOST)";
				FRAMEWORK_SEARCH_PATHS = (
					"$(SDKROOT)/Developer/Library/Frameworks",
					"$(inherited)",
				);
				GCC_PREPROCESSOR_DEFINITIONS = (
					"DEBUG=1",
					"$(inherited)",
				);
				INFOPLIST_FILE = ControllingSourceTests/Info.plist;
				LD_RUNPATH_SEARCH_PATHS = "$(inherited) @executable_path/Frameworks @loader_path/Frameworks";
				PRODUCT_NAME = "$(TARGET_NAME)";
				TEST_HOST = "$(BUILT_PRODUCTS_DIR)/ControllingSource.app/ControllingSource";
			};
			name = Debug;
		};
		38DB4F851A31565900E77834 /* Release */ = {
			isa = XCBuildConfiguration;
			buildSettings = {
				BUNDLE_LOADER = "$(TEST_HOST)";
				FRAMEWORK_SEARCH_PATHS = (
					"$(SDKROOT)/Developer/Library/Frameworks",
					"$(inherited)",
				);
				INFOPLIST_FILE = ControllingSourceTests/Info.plist;
				LD_RUNPATH_SEARCH_PATHS = "$(inherited) @executable_path/Frameworks @loader_path/Frameworks";
				PRODUCT_NAME = "$(TARGET_NAME)";
				TEST_HOST = "$(BUILT_PRODUCTS_DIR)/ControllingSource.app/ControllingSource";
			};
			name = Release;
		};
/* End XCBuildConfiguration section */

/* Begin XCConfigurationList section */
		38DB4F521A31565900E77834 /* Build configuration list for PBXProject "ControllingSource" */ = {
			isa = XCConfigurationList;
			buildConfigurations = (
				38DB4F7E1A31565900E77834 /* Debug */,
				38DB4F7F1A31565900E77834 /* Release */,
			);
			defaultConfigurationIsVisible = 0;
			defaultConfigurationName = Release;
		};
		38DB4F801A31565900E77834 /* Build configuration list for PBXNativeTarget "ControllingSource" */ = {
			isa = XCConfigurationList;
			buildConfigurations = (
				38DB4F811A31565900E77834 /* Debug */,
				38DB4F821A31565900E77834 /* Release */,
			);
			defaultConfigurationIsVisible = 0;
		};
		38DB4F831A31565900E77834 /* Build configuration list for PBXNativeTarget "ControllingSourceTests" */ = {
			isa = XCConfigurationList;
			buildConfigurations = (
				38DB4F841A31565900E77834 /* Debug */,
				38DB4F851A31565900E77834 /* Release */,
			);
			defaultConfigurationIsVisible = 0;
		};
/* End XCConfigurationList section */

/* Begin XCVersionGroup section */
		38DB4F611A31565900E77834 /* ControllingSource.xcdatamodeld */ = {
			isa = XCVersionGroup;
			children = (
				38DB4F621A31565900E77834 /* ControllingSource.xcdatamodel */,
			);
			currentVersion = 38DB4F621A31565900E77834 /* ControllingSource.xcdatamodel */;
			path = ControllingSource.xcdatamodeld;
			sourceTree = "<group>";
			versionGroupType = wrapper.xcdatamodel;
		};
/* End XCVersionGroup section */
	};
	rootObject = 38DB4F4F1A31565900E77834 /* Project object */;
}
